
Microsoft Visual Studio Solution File, Format Version 12.00
# Visual Studio Version 17
VisualStudioVersion = 17.7.34031.279
MinimumVisualStudioVersion = 10.0.40219.1
Project("{2150E333-8FDC-42A3-9474-1A3956D46DE8}") = "test", "test", "{2C90433D-2411-43E8-83F8-73116D9FA6E2}"
EndProject
Project("{FAE04EC0-301F-11D3-BF4B-00C04F79EFBC}") = "UnitBL", "test\UnitBL\UnitBL.csproj", "{F2BE0B8C-01BE-452C-961F-20871D780CD7}"
EndProject
Project("{9A19103F-16F7-4668-BE54-9A1E7A4F7556}") = "TestsCore", "test\TestsCore\TestsCore.csproj", "{3180BB19-715F-436D-A7F3-A0D0D7623425}"
EndProject
Project("{FAE04EC0-301F-11D3-BF4B-00C04F79EFBC}") = "UnitDA", "test\UnitDA\UnitDA.csproj", "{A26E9693-04F8-4B34-9BEF-F5BAB53BB473}"
EndProject
Project("{9A19103F-16F7-4668-BE54-9A1E7A4F7556}") = "IntegrationTests", "test\IntegrationTests\IntegrationTests.csproj", "{837FA42A-0A7F-44F9-8A27-5442BBA8029A}"
EndProject
Project("{9A19103F-16F7-4668-BE54-9A1E7A4F7556}") = "MigrationDB", "test\MigrationDB\MigrationDB.csproj", "{2B5A1E08-3EC6-4B57-B915-CD9628B09A95}"
EndProject
Project("{FAE04EC0-301F-11D3-BF4B-00C04F79EFBC}") = "E2ETests", "test\E2ETests\E2ETests.csproj", "{1C20E80D-8491-4069-BB92-0CCB7850BD41}"
EndProject
Project("{FAE04EC0-301F-11D3-BF4B-00C04F79EFBC}") = "db_cp", "db_cp\db_cp.csproj", "{FF40AD27-8E98-4D3D-BFF3-D6DEEA8DA738}"
EndProject
Global
	GlobalSection(SolutionConfigurationPlatforms) = preSolution
		Debug|Any CPU = Debug|Any CPU
		Release|Any CPU = Release|Any CPU
	EndGlobalSection
	GlobalSection(ProjectConfigurationPlatforms) = postSolution
		{25320723-741F-43E7-AB93-68DA6D41DDBC}.Debug|Any CPU.ActiveCfg = Debug|Any CPU
		{25320723-741F-43E7-AB93-68DA6D41DDBC}.Debug|Any CPU.Build.0 = Debug|Any CPU
		{25320723-741F-43E7-AB93-68DA6D41DDBC}.Release|Any CPU.ActiveCfg = Release|Any CPU
		{25320723-741F-43E7-AB93-68DA6D41DDBC}.Release|Any CPU.Build.0 = Release|Any CPU
		{DA8A5E50-2384-41A3-B1FB-6BC3A7967A1B}.Debug|Any CPU.ActiveCfg = Debug|Any CPU
		{DA8A5E50-2384-41A3-B1FB-6BC3A7967A1B}.Debug|Any CPU.Build.0 = Debug|Any CPU
		{DA8A5E50-2384-41A3-B1FB-6BC3A7967A1B}.Release|Any CPU.ActiveCfg = Release|Any CPU
		{DA8A5E50-2384-41A3-B1FB-6BC3A7967A1B}.Release|Any CPU.Build.0 = Release|Any CPU
		{AA0B4889-CA65-44B3-BC29-CA928E188D81}.Debug|Any CPU.ActiveCfg = Debug|Any CPU
		{AA0B4889-CA65-44B3-BC29-CA928E188D81}.Debug|Any CPU.Build.0 = Debug|Any CPU
		{AA0B4889-CA65-44B3-BC29-CA928E188D81}.Release|Any CPU.ActiveCfg = Release|Any CPU
		{AA0B4889-CA65-44B3-BC29-CA928E188D81}.Release|Any CPU.Build.0 = Release|Any CPU
		{F2BE0B8C-01BE-452C-961F-20871D780CD7}.Debug|Any CPU.ActiveCfg = Debug|Any CPU
		{F2BE0B8C-01BE-452C-961F-20871D780CD7}.Debug|Any CPU.Build.0 = Debug|Any CPU
		{F2BE0B8C-01BE-452C-961F-20871D780CD7}.Release|Any CPU.ActiveCfg = Release|Any CPU
		{F2BE0B8C-01BE-452C-961F-20871D780CD7}.Release|Any CPU.Build.0 = Release|Any CPU
		{3180BB19-715F-436D-A7F3-A0D0D7623425}.Debug|Any CPU.ActiveCfg = Debug|Any CPU
		{3180BB19-715F-436D-A7F3-A0D0D7623425}.Debug|Any CPU.Build.0 = Debug|Any CPU
		{3180BB19-715F-436D-A7F3-A0D0D7623425}.Release|Any CPU.ActiveCfg = Release|Any CPU
		{3180BB19-715F-436D-A7F3-A0D0D7623425}.Release|Any CPU.Build.0 = Release|Any CPU
		{A26E9693-04F8-4B34-9BEF-F5BAB53BB473}.Debug|Any CPU.ActiveCfg = Debug|Any CPU
		{A26E9693-04F8-4B34-9BEF-F5BAB53BB473}.Debug|Any CPU.Build.0 = Debug|Any CPU
		{A26E9693-04F8-4B34-9BEF-F5BAB53BB473}.Release|Any CPU.ActiveCfg = Release|Any CPU
		{A26E9693-04F8-4B34-9BEF-F5BAB53BB473}.Release|Any CPU.Build.0 = Release|Any CPU
		{837FA42A-0A7F-44F9-8A27-5442BBA8029A}.Debug|Any CPU.ActiveCfg = Debug|Any CPU
		{837FA42A-0A7F-44F9-8A27-5442BBA8029A}.Debug|Any CPU.Build.0 = Debug|Any CPU
		{837FA42A-0A7F-44F9-8A27-5442BBA8029A}.Release|Any CPU.ActiveCfg = Release|Any CPU
		{837FA42A-0A7F-44F9-8A27-5442BBA8029A}.Release|Any CPU.Build.0 = Release|Any CPU
		{2B5A1E08-3EC6-4B57-B915-CD9628B09A95}.Debug|Any CPU.ActiveCfg = Debug|Any CPU
		{2B5A1E08-3EC6-4B57-B915-CD9628B09A95}.Debug|Any CPU.Build.0 = Debug|Any CPU
		{2B5A1E08-3EC6-4B57-B915-CD9628B09A95}.Release|Any CPU.ActiveCfg = Release|Any CPU
		{2B5A1E08-3EC6-4B57-B915-CD9628B09A95}.Release|Any CPU.Build.0 = Release|Any CPU
		{1C20E80D-8491-4069-BB92-0CCB7850BD41}.Debug|Any CPU.ActiveCfg = Debug|Any CPU
		{1C20E80D-8491-4069-BB92-0CCB7850BD41}.Debug|Any CPU.Build.0 = Debug|Any CPU
		{1C20E80D-8491-4069-BB92-0CCB7850BD41}.Release|Any CPU.ActiveCfg = Release|Any CPU
		{1C20E80D-8491-4069-BB92-0CCB7850BD41}.Release|Any CPU.Build.0 = Release|Any CPU
		{FF40AD27-8E98-4D3D-BFF3-D6DEEA8DA738}.Debug|Any CPU.ActiveCfg = Debug|Any CPU
		{FF40AD27-8E98-4D3D-BFF3-D6DEEA8DA738}.Debug|Any CPU.Build.0 = Debug|Any CPU
		{FF40AD27-8E98-4D3D-BFF3-D6DEEA8DA738}.Release|Any CPU.ActiveCfg = Release|Any CPU
		{FF40AD27-8E98-4D3D-BFF3-D6DEEA8DA738}.Release|Any CPU.Build.0 = Release|Any CPU
	EndGlobalSection
	GlobalSection(SolutionProperties) = preSolution
		HideSolutionNode = FALSE
	EndGlobalSection
	GlobalSection(NestedProjects) = preSolution
		{25320723-741F-43E7-AB93-68DA6D41DDBC} = {52709E1A-2FAA-4078-AA83-266D7D31CD2E}
		{DA8A5E50-2384-41A3-B1FB-6BC3A7967A1B} = {52709E1A-2FAA-4078-AA83-266D7D31CD2E}
		{AA0B4889-CA65-44B3-BC29-CA928E188D81} = {52709E1A-2FAA-4078-AA83-266D7D31CD2E}
		{F2BE0B8C-01BE-452C-961F-20871D780CD7} = {2C90433D-2411-43E8-83F8-73116D9FA6E2}
		{3180BB19-715F-436D-A7F3-A0D0D7623425} = {2C90433D-2411-43E8-83F8-73116D9FA6E2}
		{A26E9693-04F8-4B34-9BEF-F5BAB53BB473} = {2C90433D-2411-43E8-83F8-73116D9FA6E2}
		{837FA42A-0A7F-44F9-8A27-5442BBA8029A} = {2C90433D-2411-43E8-83F8-73116D9FA6E2}
		{2B5A1E08-3EC6-4B57-B915-CD9628B09A95} = {2C90433D-2411-43E8-83F8-73116D9FA6E2}
		{1C20E80D-8491-4069-BB92-0CCB7850BD41} = {2C90433D-2411-43E8-83F8-73116D9FA6E2}
	EndGlobalSection
	GlobalSection(ExtensibilityGlobals) = postSolution
		SolutionGuid = {B0DAA708-63D9-4795-B66F-4800B138A447}
	EndGlobalSection
EndGlobal
